
Microsoft Visual Studio Solution File, Format Version 12.00
# Visual Studio Version 17
VisualStudioVersion = 17.3.32929.385
MinimumVisualStudioVersion = 10.0.40219.1
Project("{FAE04EC0-301F-11D3-BF4B-00C04F79EFBC}") = "Bigbang", "Bigbang\Bigbang.csproj", "{682DE092-923D-4972-BF1C-A7895D5C37E8}"
EndProject
Global
	GlobalSection(SolutionConfigurationPlatforms) = preSolution
		Debug|Any CPU = Debug|Any CPU
		Release|Any CPU = Release|Any CPU
	EndGlobalSection
	GlobalSection(ProjectConfigurationPlatforms) = postSolution
		{682DE092-923D-4972-BF1C-A7895D5C37E8}.Debug|Any CPU.ActiveCfg = Debug|Any CPU
		{682DE092-923D-4972-BF1C-A7895D5C37E8}.Debug|Any CPU.Build.0 = Debug|Any CPU
		{682DE092-923D-4972-BF1C-A7895D5C37E8}.Release|Any CPU.ActiveCfg = Release|Any CPU
		{682DE092-923D-4972-BF1C-A7895D5C37E8}.Release|Any CPU.Build.0 = Release|Any CPU
	EndGlobalSection
	GlobalSection(SolutionProperties) = preSolution
		HideSolutionNode = FALSE
	EndGlobalSection
	GlobalSection(ExtensibilityGlobals) = postSolution
		SolutionGuid = {6187313D-67BA-4D02-8781-9E38082A9B2D}
	EndGlobalSection
EndGlobal
